
Microsoft Visual Studio Solution File, Format Version 12.00
# Visual Studio Version 17
VisualStudioVersion = 17.5.33424.131
MinimumVisualStudioVersion = 10.0.40219.1
Project("{9A19103F-16F7-4668-BE54-9A1E7A4F7556}") = "DataLibrary", "DataLibrary\DataLibrary.csproj", "{95ECED53-8BC7-480B-B6C2-D78A4AF3ADEB}"
EndProject
Project("{9A19103F-16F7-4668-BE54-9A1E7A4F7556}") = "AdressAskerUI", "AdressAskerUI\AdressAskerUI.csproj", "{FF3523D9-3C87-4B91-89DA-A4417E128908}"
EndProject
Project("{FAE04EC0-301F-11D3-BF4B-00C04F79EFBC}") = "XUnitTestOpgaveExceptionsAdress", "XUnitTestOpgaveExceptionsAdress\XUnitTestOpgaveExceptionsAdress.csproj", "{4D0FC7F9-65DB-4554-B0A6-BA0FC5095B2D}"
EndProject
Global
	GlobalSection(SolutionConfigurationPlatforms) = preSolution
		Debug|Any CPU = Debug|Any CPU
		Release|Any CPU = Release|Any CPU
	EndGlobalSection
	GlobalSection(ProjectConfigurationPlatforms) = postSolution
		{95ECED53-8BC7-480B-B6C2-D78A4AF3ADEB}.Debug|Any CPU.ActiveCfg = Debug|Any CPU
		{95ECED53-8BC7-480B-B6C2-D78A4AF3ADEB}.Debug|Any CPU.Build.0 = Debug|Any CPU
		{95ECED53-8BC7-480B-B6C2-D78A4AF3ADEB}.Release|Any CPU.ActiveCfg = Release|Any CPU
		{95ECED53-8BC7-480B-B6C2-D78A4AF3ADEB}.Release|Any CPU.Build.0 = Release|Any CPU
		{FF3523D9-3C87-4B91-89DA-A4417E128908}.Debug|Any CPU.ActiveCfg = Debug|Any CPU
		{FF3523D9-3C87-4B91-89DA-A4417E128908}.Debug|Any CPU.Build.0 = Debug|Any CPU
		{FF3523D9-3C87-4B91-89DA-A4417E128908}.Release|Any CPU.ActiveCfg = Release|Any CPU
		{FF3523D9-3C87-4B91-89DA-A4417E128908}.Release|Any CPU.Build.0 = Release|Any CPU
		{4D0FC7F9-65DB-4554-B0A6-BA0FC5095B2D}.Debug|Any CPU.ActiveCfg = Debug|Any CPU
		{4D0FC7F9-65DB-4554-B0A6-BA0FC5095B2D}.Debug|Any CPU.Build.0 = Debug|Any CPU
		{4D0FC7F9-65DB-4554-B0A6-BA0FC5095B2D}.Release|Any CPU.ActiveCfg = Release|Any CPU
		{4D0FC7F9-65DB-4554-B0A6-BA0FC5095B2D}.Release|Any CPU.Build.0 = Release|Any CPU
	EndGlobalSection
	GlobalSection(SolutionProperties) = preSolution
		HideSolutionNode = FALSE
	EndGlobalSection
	GlobalSection(ExtensibilityGlobals) = postSolution
		SolutionGuid = {6D2A6E0D-02A6-4035-9DA7-8D772CE41F55}
	EndGlobalSection
EndGlobal
